
Microsoft Visual Studio Solution File, Format Version 12.00
# Visual Studio Version 17
VisualStudioVersion = 17.2.32630.192
MinimumVisualStudioVersion = 10.0.40219.1
Project("{FAE04EC0-301F-11D3-BF4B-00C04F79EFBC}") = "Messsaging", "Messsaging.csproj", "{0C6557EE-B282-4AB8-A236-DBE5E6F5204D}"
EndProject
Global
	GlobalSection(SolutionConfigurationPlatforms) = preSolution
		Debug|Any CPU = Debug|Any CPU
		Release|Any CPU = Release|Any CPU
	EndGlobalSection
	GlobalSection(ProjectConfigurationPlatforms) = postSolution
		{0C6557EE-B282-4AB8-A236-DBE5E6F5204D}.Debug|Any CPU.ActiveCfg = Debug|Any CPU
		{0C6557EE-B282-4AB8-A236-DBE5E6F5204D}.Debug|Any CPU.Build.0 = Debug|Any CPU
		{0C6557EE-B282-4AB8-A236-DBE5E6F5204D}.Release|Any CPU.ActiveCfg = Release|Any CPU
		{0C6557EE-B282-4AB8-A236-DBE5E6F5204D}.Release|Any CPU.Build.0 = Release|Any CPU
	EndGlobalSection
	GlobalSection(SolutionProperties) = preSolution
		HideSolutionNode = FALSE
	EndGlobalSection
	GlobalSection(ExtensibilityGlobals) = postSolution
		SolutionGuid = {73830E38-4E83-423F-81D8-0BF886473DD0}
	EndGlobalSection
EndGlobal
