
Microsoft Visual Studio Solution File, Format Version 12.00
# Visual Studio Version 17
VisualStudioVersion = 17.2.32630.192
MinimumVisualStudioVersion = 10.0.40219.1
Project("{9A19103F-16F7-4668-BE54-9A1E7A4F7556}") = "Api", "Api.csproj", "{E203DF69-1CE9-4063-B967-FCBBD62163D1}"
EndProject
Project("{9A19103F-16F7-4668-BE54-9A1E7A4F7556}") = "Messsaging", "..\Shared\Messsaging\Messsaging.csproj", "{D52806BF-F9A1-4E7B-B4CA-11BEF1B59A00}"
EndProject
Project("{9A19103F-16F7-4668-BE54-9A1E7A4F7556}") = "Infrastructure", "..\Shared\Infrastructure\Infrastructure.csproj", "{FF2C5C86-0E44-437C-9650-1C94DD6AE391}"
EndProject
Global
	GlobalSection(SolutionConfigurationPlatforms) = preSolution
		Debug|Any CPU = Debug|Any CPU
		Release|Any CPU = Release|Any CPU
	EndGlobalSection
	GlobalSection(ProjectConfigurationPlatforms) = postSolution
		{E203DF69-1CE9-4063-B967-FCBBD62163D1}.Debug|Any CPU.ActiveCfg = Debug|Any CPU
		{E203DF69-1CE9-4063-B967-FCBBD62163D1}.Debug|Any CPU.Build.0 = Debug|Any CPU
		{E203DF69-1CE9-4063-B967-FCBBD62163D1}.Release|Any CPU.ActiveCfg = Release|Any CPU
		{E203DF69-1CE9-4063-B967-FCBBD62163D1}.Release|Any CPU.Build.0 = Release|Any CPU
		{D52806BF-F9A1-4E7B-B4CA-11BEF1B59A00}.Debug|Any CPU.ActiveCfg = Debug|Any CPU
		{D52806BF-F9A1-4E7B-B4CA-11BEF1B59A00}.Debug|Any CPU.Build.0 = Debug|Any CPU
		{D52806BF-F9A1-4E7B-B4CA-11BEF1B59A00}.Release|Any CPU.ActiveCfg = Release|Any CPU
		{D52806BF-F9A1-4E7B-B4CA-11BEF1B59A00}.Release|Any CPU.Build.0 = Release|Any CPU
		{FF2C5C86-0E44-437C-9650-1C94DD6AE391}.Debug|Any CPU.ActiveCfg = Debug|Any CPU
		{FF2C5C86-0E44-437C-9650-1C94DD6AE391}.Debug|Any CPU.Build.0 = Debug|Any CPU
		{FF2C5C86-0E44-437C-9650-1C94DD6AE391}.Release|Any CPU.ActiveCfg = Release|Any CPU
		{FF2C5C86-0E44-437C-9650-1C94DD6AE391}.Release|Any CPU.Build.0 = Release|Any CPU
	EndGlobalSection
	GlobalSection(SolutionProperties) = preSolution
		HideSolutionNode = FALSE
	EndGlobalSection
	GlobalSection(ExtensibilityGlobals) = postSolution
		SolutionGuid = {6BF2FEE5-A76C-440F-B4DA-BFC895F034EA}
	EndGlobalSection
EndGlobal
